// !$*UTF8*$!
{
	archiveVersion = 1;
	classes = {
	};
	objectVersion = 55;
	objects = {

/* Begin PBXBuildFile section */
		C81371BC28A0FAE200FDD958 /* Decorator.swift in Sources */ = {isa = PBXBuildFile; fileRef = C81371BB28A0FAE100FDD958 /* Decorator.swift */; };
		C83691422870156B00BBA1CE /* AppDelegate.swift in Sources */ = {isa = PBXBuildFile; fileRef = C83691412870156B00BBA1CE /* AppDelegate.swift */; };
		C83691442870156B00BBA1CE /* SceneDelegate.swift in Sources */ = {isa = PBXBuildFile; fileRef = C83691432870156B00BBA1CE /* SceneDelegate.swift */; };
		C83691462870156B00BBA1CE /* ViewController.swift in Sources */ = {isa = PBXBuildFile; fileRef = C83691452870156B00BBA1CE /* ViewController.swift */; };
		C83691492870156B00BBA1CE /* Main.storyboard in Resources */ = {isa = PBXBuildFile; fileRef = C83691472870156B00BBA1CE /* Main.storyboard */; };
		C836914B2870157800BBA1CE /* Assets.xcassets in Resources */ = {isa = PBXBuildFile; fileRef = C836914A2870157800BBA1CE /* Assets.xcassets */; };
		C836914E2870157800BBA1CE /* LaunchScreen.storyboard in Resources */ = {isa = PBXBuildFile; fileRef = C836914C2870157800BBA1CE /* LaunchScreen.storyboard */; };
		C8815ED6289B9705006C67DF /* Prototype.swift in Sources */ = {isa = PBXBuildFile; fileRef = C8815ED5289B9705006C67DF /* Prototype.swift */; };
		C8A9CCEB289B94C3005AEE58 /* Singleton.swift in Sources */ = {isa = PBXBuildFile; fileRef = C8A9CCEA289B94C3005AEE58 /* Singleton.swift */; };
		C8A9CCEE289B951B005AEE58 /* Usage.swift in Sources */ = {isa = PBXBuildFile; fileRef = C8A9CCED289B951B005AEE58 /* Usage.swift */; };
/* End PBXBuildFile section */

/* Begin PBXFileReference section */
		C81371BB28A0FAE100FDD958 /* Decorator.swift */ = {isa = PBXFileReference; lastKnownFileType = sourcecode.swift; path = Decorator.swift; sourceTree = "<group>"; };
		C836913E2870156B00BBA1CE /* DesignPatterns.app */ = {isa = PBXFileReference; explicitFileType = wrapper.application; includeInIndex = 0; path = DesignPatterns.app; sourceTree = BUILT_PRODUCTS_DIR; };
		C83691412870156B00BBA1CE /* AppDelegate.swift */ = {isa = PBXFileReference; lastKnownFileType = sourcecode.swift; path = AppDelegate.swift; sourceTree = "<group>"; };
		C83691432870156B00BBA1CE /* SceneDelegate.swift */ = {isa = PBXFileReference; lastKnownFileType = sourcecode.swift; path = SceneDelegate.swift; sourceTree = "<group>"; };
		C83691452870156B00BBA1CE /* ViewController.swift */ = {isa = PBXFileReference; lastKnownFileType = sourcecode.swift; path = ViewController.swift; sourceTree = "<group>"; };
		C83691482870156B00BBA1CE /* Base */ = {isa = PBXFileReference; lastKnownFileType = file.storyboard; name = Base; path = Base.lproj/Main.storyboard; sourceTree = "<group>"; };
		C836914A2870157800BBA1CE /* Assets.xcassets */ = {isa = PBXFileReference; lastKnownFileType = folder.assetcatalog; path = Assets.xcassets; sourceTree = "<group>"; };
		C836914D2870157800BBA1CE /* Base */ = {isa = PBXFileReference; lastKnownFileType = file.storyboard; name = Base; path = Base.lproj/LaunchScreen.storyboard; sourceTree = "<group>"; };
		C836914F2870157800BBA1CE /* Info.plist */ = {isa = PBXFileReference; lastKnownFileType = text.plist.xml; path = Info.plist; sourceTree = "<group>"; };
		C8815ED5289B9705006C67DF /* Prototype.swift */ = {isa = PBXFileReference; lastKnownFileType = sourcecode.swift; path = Prototype.swift; sourceTree = "<group>"; };
		C8A9CCEA289B94C3005AEE58 /* Singleton.swift */ = {isa = PBXFileReference; lastKnownFileType = sourcecode.swift; path = Singleton.swift; sourceTree = "<group>"; };
		C8A9CCED289B951B005AEE58 /* Usage.swift */ = {isa = PBXFileReference; lastKnownFileType = sourcecode.swift; path = Usage.swift; sourceTree = "<group>"; };
/* End PBXFileReference section */

/* Begin PBXFrameworksBuildPhase section */
		C836913B2870156B00BBA1CE /* Frameworks */ = {
			isa = PBXFrameworksBuildPhase;
			buildActionMask = 2147483647;
			files = (
			);
			runOnlyForDeploymentPostprocessing = 0;
		};
/* End PBXFrameworksBuildPhase section */

/* Begin PBXGroup section */
		C83691352870156B00BBA1CE = {
			isa = PBXGroup;
			children = (
				C83691402870156B00BBA1CE /* DesignPatterns */,
				C836914F2870157800BBA1CE /* Info.plist */,
				C836913F2870156B00BBA1CE /* Products */,
			);
			sourceTree = "<group>";
		};
		C836913F2870156B00BBA1CE /* Products */ = {
			isa = PBXGroup;
			children = (
				C836913E2870156B00BBA1CE /* DesignPatterns.app */,
			);
			name = Products;
			sourceTree = "<group>";
		};
		C83691402870156B00BBA1CE /* DesignPatterns */ = {
			isa = PBXGroup;
			children = (
				C8A9CCEF289B95D5005AEE58 /* Creational */,
				C8A9CCF1289B960A005AEE58 /* Structural */,
				C8A9CCF0289B95F6005AEE58 /* Behavioral */,
				C8A9CCEC289B950E005AEE58 /* Usage */,
				C8A9CCE7289B943D005AEE58 /* AppDelegate */,
				C8A9CCE8289B944F005AEE58 /* View */,
				C8A9CCE9289B9465005AEE58 /* Resources */,
			);
			path = DesignPatterns;
			sourceTree = "<group>";
		};
		C8A9CCE7289B943D005AEE58 /* AppDelegate */ = {
			isa = PBXGroup;
			children = (
				C83691412870156B00BBA1CE /* AppDelegate.swift */,
				C83691432870156B00BBA1CE /* SceneDelegate.swift */,
			);
			path = AppDelegate;
			sourceTree = "<group>";
		};
		C8A9CCE8289B944F005AEE58 /* View */ = {
			isa = PBXGroup;
			children = (
				C83691452870156B00BBA1CE /* ViewController.swift */,
				C83691472870156B00BBA1CE /* Main.storyboard */,
				C836914C2870157800BBA1CE /* LaunchScreen.storyboard */,
			);
			path = View;
			sourceTree = "<group>";
		};
		C8A9CCE9289B9465005AEE58 /* Resources */ = {
			isa = PBXGroup;
			children = (
				C836914A2870157800BBA1CE /* Assets.xcassets */,
			);
			path = Resources;
			sourceTree = "<group>";
		};
		C8A9CCEC289B950E005AEE58 /* Usage */ = {
			isa = PBXGroup;
			children = (
				C8A9CCED289B951B005AEE58 /* Usage.swift */,
			);
			path = Usage;
			sourceTree = "<group>";
		};
		C8A9CCEF289B95D5005AEE58 /* Creational */ = {
			isa = PBXGroup;
			children = (
				C8A9CCEA289B94C3005AEE58 /* Singleton.swift */,
				C8815ED5289B9705006C67DF /* Prototype.swift */,
			);
			path = Creational;
			sourceTree = "<group>";
		};
		C8A9CCF0289B95F6005AEE58 /* Behavioral */ = {
			isa = PBXGroup;
			children = (
			);
			path = Behavioral;
			sourceTree = "<group>";
		};
		C8A9CCF1289B960A005AEE58 /* Structural */ = {
			isa = PBXGroup;
			children = (
				C81371BB28A0FAE100FDD958 /* Decorator.swift */,
			);
			path = Structural;
			sourceTree = "<group>";
		};
/* End PBXGroup section */

/* Begin PBXNativeTarget section */
		C836913D2870156B00BBA1CE /* DesignPatterns */ = {
			isa = PBXNativeTarget;
			buildConfigurationList = C83691522870157900BBA1CE /* Build configuration list for PBXNativeTarget "DesignPatterns" */;
			buildPhases = (
				C836913A2870156B00BBA1CE /* Sources */,
				C836913B2870156B00BBA1CE /* Frameworks */,
				C836913C2870156B00BBA1CE /* Resources */,
			);
			buildRules = (
			);
			dependencies = (
			);
			name = DesignPatterns;
			productName = MyWeather;
			productReference = C836913E2870156B00BBA1CE /* DesignPatterns.app */;
			productType = "com.apple.product-type.application";
		};
/* End PBXNativeTarget section */

/* Begin PBXProject section */
		C83691362870156B00BBA1CE /* Project object */ = {
			isa = PBXProject;
			attributes = {
				BuildIndependentTargetsInParallel = 1;
				LastSwiftUpdateCheck = 1330;
				LastUpgradeCheck = 1330;
				TargetAttributes = {
					C836913D2870156B00BBA1CE = {
						CreatedOnToolsVersion = 13.3.1;
					};
				};
			};
			buildConfigurationList = C83691392870156B00BBA1CE /* Build configuration list for PBXProject "DesignPatterns" */;
			compatibilityVersion = "Xcode 13.0";
			developmentRegion = en;
			hasScannedForEncodings = 0;
			knownRegions = (
				en,
				Base,
			);
			mainGroup = C83691352870156B00BBA1CE;
			productRefGroup = C836913F2870156B00BBA1CE /* Products */;
			projectDirPath = "";
			projectRoot = "";
			targets = (
				C836913D2870156B00BBA1CE /* DesignPatterns */,
			);
		};
/* End PBXProject section */

/* Begin PBXResourcesBuildPhase section */
		C836913C2870156B00BBA1CE /* Resources */ = {
			isa = PBXResourcesBuildPhase;
			buildActionMask = 2147483647;
			files = (
				C836914E2870157800BBA1CE /* LaunchScreen.storyboard in Resources */,
				C836914B2870157800BBA1CE /* Assets.xcassets in Resources */,
				C83691492870156B00BBA1CE /* Main.storyboard in Resources */,
			);
			runOnlyForDeploymentPostprocessing = 0;
		};
/* End PBXResourcesBuildPhase section */

/* Begin PBXSourcesBuildPhase section */
		C836913A2870156B00BBA1CE /* Sources */ = {
			isa = PBXSourcesBuildPhase;
			buildActionMask = 2147483647;
			files = (
				C83691462870156B00BBA1CE /* ViewController.swift in Sources */,
				C8A9CCEE289B951B005AEE58 /* Usage.swift in Sources */,
				C8815ED6289B9705006C67DF /* Prototype.swift in Sources */,
				C83691422870156B00BBA1CE /* AppDelegate.swift in Sources */,
				C8A9CCEB289B94C3005AEE58 /* Singleton.swift in Sources */,
				C83691442870156B00BBA1CE /* SceneDelegate.swift in Sources */,
				C81371BC28A0FAE200FDD958 /* Decorator.swift in Sources */,
			);
			runOnlyForDeploymentPostprocessing = 0;
		};
/* End PBXSourcesBuildPhase section */

/* Begin PBXVariantGroup section */
		C83691472870156B00BBA1CE /* Main.storyboard */ = {
			isa = PBXVariantGroup;
			children = (
				C83691482870156B00BBA1CE /* Base */,
			);
			name = Main.storyboard;
			sourceTree = "<group>";
		};
		C836914C2870157800BBA1CE /* LaunchScreen.storyboard */ = {
			isa = PBXVariantGroup;
			children = (
				C836914D2870157800BBA1CE /* Base */,
			);
			name = LaunchScreen.storyboard;
			sourceTree = "<group>";
		};
/* End PBXVariantGroup section */

/* Begin XCBuildConfiguration section */
		C83691502870157800BBA1CE /* Debug */ = {
			isa = XCBuildConfiguration;
			buildSettings = {
				ALWAYS_SEARCH_USER_PATHS = NO;
				CLANG_ANALYZER_NONNULL = YES;
				CLANG_ANALYZER_NUMBER_OBJECT_CONVERSION = YES_AGGRESSIVE;
				CLANG_CXX_LANGUAGE_STANDARD = "gnu++17";
				CLANG_ENABLE_MODULES = YES;
				CLANG_ENABLE_OBJC_ARC = YES;
				CLANG_ENABLE_OBJC_WEAK = YES;
				CLANG_WARN_BLOCK_CAPTURE_AUTORELEASING = YES;
				CLANG_WARN_BOOL_CONVERSION = YES;
				CLANG_WARN_COMMA = YES;
				CLANG_WARN_CONSTANT_CONVERSION = YES;
				CLANG_WARN_DEPRECATED_OBJC_IMPLEMENTATIONS = YES;
				CLANG_WARN_DIRECT_OBJC_ISA_USAGE = YES_ERROR;
				CLANG_WARN_DOCUMENTATION_COMMENTS = YES;
				CLANG_WARN_EMPTY_BODY = YES;
				CLANG_WARN_ENUM_CONVERSION = YES;
				CLANG_WARN_INFINITE_RECURSION = YES;
				CLANG_WARN_INT_CONVERSION = YES;
				CLANG_WARN_NON_LITERAL_NULL_CONVERSION = YES;
				CLANG_WARN_OBJC_IMPLICIT_RETAIN_SELF = YES;
				CLANG_WARN_OBJC_LITERAL_CONVERSION = YES;
				CLANG_WARN_OBJC_ROOT_CLASS = YES_ERROR;
				CLANG_WARN_QUOTED_INCLUDE_IN_FRAMEWORK_HEADER = YES;
				CLANG_WARN_RANGE_LOOP_ANALYSIS = YES;
				CLANG_WARN_STRICT_PROTOTYPES = YES;
				CLANG_WARN_SUSPICIOUS_MOVE = YES;
				CLANG_WARN_UNGUARDED_AVAILABILITY = YES_AGGRESSIVE;
				CLANG_WARN_UNREACHABLE_CODE = YES;
				CLANG_WARN__DUPLICATE_METHOD_MATCH = YES;
				COPY_PHASE_STRIP = NO;
				DEBUG_INFORMATION_FORMAT = dwarf;
				ENABLE_STRICT_OBJC_MSGSEND = YES;
				ENABLE_TESTABILITY = YES;
				GCC_C_LANGUAGE_STANDARD = gnu11;
				GCC_DYNAMIC_NO_PIC = NO;
				GCC_NO_COMMON_BLOCKS = YES;
				GCC_OPTIMIZATION_LEVEL = 0;
				GCC_PREPROCESSOR_DEFINITIONS = (
					"DEBUG=1",
					"$(inherited)",
				);
				GCC_WARN_64_TO_32_BIT_CONVERSION = YES;
				GCC_WARN_ABOUT_RETURN_TYPE = YES_ERROR;
				GCC_WARN_UNDECLARED_SELECTOR = YES;
				GCC_WARN_UNINITIALIZED_AUTOS = YES_AGGRESSIVE;
				GCC_WARN_UNUSED_FUNCTION = YES;
				GCC_WARN_UNUSED_VARIABLE = YES;
				IPHONEOS_DEPLOYMENT_TARGET = 15.4;
				MTL_ENABLE_DEBUG_INFO = INCLUDE_SOURCE;
				MTL_FAST_MATH = YES;
				ONLY_ACTIVE_ARCH = YES;
				SDKROOT = iphoneos;
				SWIFT_ACTIVE_COMPILATION_CONDITIONS = DEBUG;
				SWIFT_OPTIMIZATION_LEVEL = "-Onone";
			};
			name = Debug;
		};
		C83691512870157800BBA1CE /* Release */ = {
			isa = XCBuildConfiguration;
			buildSettings = {
				ALWAYS_SEARCH_USER_PATHS = NO;
				CLANG_ANALYZER_NONNULL = YES;
				CLANG_ANALYZER_NUMBER_OBJECT_CONVERSION = YES_AGGRESSIVE;
				CLANG_CXX_LANGUAGE_STANDARD = "gnu++17";
				CLANG_ENABLE_MODULES = YES;
				CLANG_ENABLE_OBJC_ARC = YES;
				CLANG_ENABLE_OBJC_WEAK = YES;
				CLANG_WARN_BLOCK_CAPTURE_AUTORELEASING = YES;
				CLANG_WARN_BOOL_CONVERSION = YES;
				CLANG_WARN_COMMA = YES;
				CLANG_WARN_CONSTANT_CONVERSION = YES;
				CLANG_WARN_DEPRECATED_OBJC_IMPLEMENTATIONS = YES;
				CLANG_WARN_DIRECT_OBJC_ISA_USAGE = YES_ERROR;
				CLANG_WARN_DOCUMENTATION_COMMENTS = YES;
				CLANG_WARN_EMPTY_BODY = YES;
				CLANG_WARN_ENUM_CONVERSION = YES;
				CLANG_WARN_INFINITE_RECURSION = YES;
				CLANG_WARN_INT_CONVERSION = YES;
				CLANG_WARN_NON_LITERAL_NULL_CONVERSION = YES;
				CLANG_WARN_OBJC_IMPLICIT_RETAIN_SELF = YES;
				CLANG_WARN_OBJC_LITERAL_CONVERSION = YES;
				CLANG_WARN_OBJC_ROOT_CLASS = YES_ERROR;
				CLANG_WARN_QUOTED_INCLUDE_IN_FRAMEWORK_HEADER = YES;
				CLANG_WARN_RANGE_LOOP_ANALYSIS = YES;
				CLANG_WARN_STRICT_PROTOTYPES = YES;
				CLANG_WARN_SUSPICIOUS_MOVE = YES;
				CLANG_WARN_UNGUARDED_AVAILABILITY = YES_AGGRESSIVE;
				CLANG_WARN_UNREACHABLE_CODE = YES;
				CLANG_WARN__DUPLICATE_METHOD_MATCH = YES;
				COPY_PHASE_STRIP = NO;
				DEBUG_INFORMATION_FORMAT = "dwarf-with-dsym";
				ENABLE_NS_ASSERTIONS = NO;
				ENABLE_STRICT_OBJC_MSGSEND = YES;
				GCC_C_LANGUAGE_STANDARD = gnu11;
				GCC_NO_COMMON_BLOCKS = YES;
				GCC_WARN_64_TO_32_BIT_CONVERSION = YES;
				GCC_WARN_ABOUT_RETURN_TYPE = YES_ERROR;
				GCC_WARN_UNDECLARED_SELECTOR = YES;
				GCC_WARN_UNINITIALIZED_AUTOS = YES_AGGRESSIVE;
				GCC_WARN_UNUSED_FUNCTION = YES;
				GCC_WARN_UNUSED_VARIABLE = YES;
				IPHONEOS_DEPLOYMENT_TARGET = 15.4;
				MTL_ENABLE_DEBUG_INFO = NO;
				MTL_FAST_MATH = YES;
				SDKROOT = iphoneos;
				SWIFT_COMPILATION_MODE = wholemodule;
				SWIFT_OPTIMIZATION_LEVEL = "-O";
				VALIDATE_PRODUCT = YES;
			};
			name = Release;
		};
		C83691532870157900BBA1CE /* Debug */ = {
			isa = XCBuildConfiguration;
			buildSettings = {
				ASSETCATALOG_COMPILER_APPICON_NAME = AppIcon;
				ASSETCATALOG_COMPILER_GLOBAL_ACCENT_COLOR_NAME = AccentColor;
				CODE_SIGN_STYLE = Automatic;
				CURRENT_PROJECT_VERSION = 1;
				GENERATE_INFOPLIST_FILE = YES;
				INFOPLIST_FILE = DesignPatterns/Info.plist;
				INFOPLIST_KEY_CFBundleDisplayName = DesignPatterns;
				INFOPLIST_KEY_UIApplicationSupportsIndirectInputEvents = YES;
				INFOPLIST_KEY_UILaunchStoryboardName = LaunchScreen;
				INFOPLIST_KEY_UIMainStoryboardFile = Main;
				INFOPLIST_KEY_UISupportedInterfaceOrientations_iPad = "UIInterfaceOrientationPortrait UIInterfaceOrientationPortraitUpsideDown UIInterfaceOrientationLandscapeLeft UIInterfaceOrientationLandscapeRight";
				INFOPLIST_KEY_UISupportedInterfaceOrientations_iPhone = "UIInterfaceOrientationPortrait UIInterfaceOrientationLandscapeLeft UIInterfaceOrientationLandscapeRight";
				LD_RUNPATH_SEARCH_PATHS = (
					"$(inherited)",
					"@executable_path/Frameworks",
				);
				MARKETING_VERSION = 1.0;
				PRODUCT_BUNDLE_IDENTIFIER = com.eva.DesignPatterns;
				PRODUCT_NAME = "$(TARGET_NAME)";
				SWIFT_EMIT_LOC_STRINGS = YES;
				SWIFT_VERSION = 5.0;
				TARGETED_DEVICE_FAMILY = "1,2";
			};
			name = Debug;
		};
		C83691542870157900BBA1CE /* Release */ = {
			isa = XCBuildConfiguration;
			buildSettings = {
				ASSETCATALOG_COMPILER_APPICON_NAME = AppIcon;
				ASSETCATALOG_COMPILER_GLOBAL_ACCENT_COLOR_NAME = AccentColor;
				CODE_SIGN_STYLE = Automatic;
				CURRENT_PROJECT_VERSION = 1;
				GENERATE_INFOPLIST_FILE = YES;
				INFOPLIST_FILE = DesignPatterns/Info.plist;
				INFOPLIST_KEY_CFBundleDisplayName = DesignPatterns;
				INFOPLIST_KEY_UIApplicationSupportsIndirectInputEvents = YES;
				INFOPLIST_KEY_UILaunchStoryboardName = LaunchScreen;
				INFOPLIST_KEY_UIMainStoryboardFile = Main;
				INFOPLIST_KEY_UISupportedInterfaceOrientations_iPad = "UIInterfaceOrientationPortrait UIInterfaceOrientationPortraitUpsideDown UIInterfaceOrientationLandscapeLeft UIInterfaceOrientationLandscapeRight";
				INFOPLIST_KEY_UISupportedInterfaceOrientations_iPhone = "UIInterfaceOrientationPortrait UIInterfaceOrientationLandscapeLeft UIInterfaceOrientationLandscapeRight";
				LD_RUNPATH_SEARCH_PATHS = (
					"$(inherited)",
					"@executable_path/Frameworks",
				);
				MARKETING_VERSION = 1.0;
				PRODUCT_BUNDLE_IDENTIFIER = com.eva.DesignPatterns;
				PRODUCT_NAME = "$(TARGET_NAME)";
				SWIFT_EMIT_LOC_STRINGS = YES;
				SWIFT_VERSION = 5.0;
				TARGETED_DEVICE_FAMILY = "1,2";
			};
			name = Release;
		};
/* End XCBuildConfiguration section */

/* Begin XCConfigurationList section */
		C83691392870156B00BBA1CE /* Build configuration list for PBXProject "DesignPatterns" */ = {
			isa = XCConfigurationList;
			buildConfigurations = (
				C83691502870157800BBA1CE /* Debug */,
				C83691512870157800BBA1CE /* Release */,
			);
			defaultConfigurationIsVisible = 0;
			defaultConfigurationName = Release;
		};
		C83691522870157900BBA1CE /* Build configuration list for PBXNativeTarget "DesignPatterns" */ = {
			isa = XCConfigurationList;
			buildConfigurations = (
				C83691532870157900BBA1CE /* Debug */,
				C83691542870157900BBA1CE /* Release */,
			);
			defaultConfigurationIsVisible = 0;
			defaultConfigurationName = Release;
		};
/* End XCConfigurationList section */
	};
	rootObject = C83691362870156B00BBA1CE /* Project object */;
}
